
Microsoft Visual Studio Solution File, Format Version 12.00
# Visual Studio 15
VisualStudioVersion = 15.0.26730.3
MinimumVisualStudioVersion = 10.0.40219.1
Project("{8BC9CEB8-8B4A-11D0-8D11-00A0C91BC942}") = "nms", "nms.vcxproj", "{7FACC7EF-77DC-4537-8265-BC993EFCE1EC}"
EndProject
Project("{8BC9CEB8-8B4A-11D0-8D11-00A0C91BC942}") = "nms.test", "nms.test.vcxproj", "{3CA9F8F4-F081-43A4-B827-C23D5B38ADF9}"
EndProject
Project("{2150E333-8FDC-42A3-9474-1A3956D46DE8}") = "doc", "doc", "{90254F8C-1EA6-4E2B-8A3A-7358550F1EAF}"
	ProjectSection(SolutionItems) = preProject
		doc\nms.cuda.md = doc\nms.cuda.md
		doc\nms.test.gif = doc\nms.test.gif
		doc\nms.test.md = doc\nms.test.md
		README.md = README.md
	EndProjectSection
EndProject
Project("{8BC9CEB8-8B4A-11D0-8D11-00A0C91BC942}") = "nms.cuda.compiler", "nms.cuda.compiler.vcxproj", "{98C9BA59-EC5E-4FB7-9FDB-E92591CA92EB}"
EndProject
Global
	GlobalSection(SolutionConfigurationPlatforms) = preSolution
		Debug|x64 = Debug|x64
		Debug|x86 = Debug|x86
		Release|x64 = Release|x64
		Release|x86 = Release|x86
	EndGlobalSection
	GlobalSection(ProjectConfigurationPlatforms) = postSolution
		{7FACC7EF-77DC-4537-8265-BC993EFCE1EC}.Debug|x64.ActiveCfg = Debug|x64
		{7FACC7EF-77DC-4537-8265-BC993EFCE1EC}.Debug|x64.Build.0 = Debug|x64
		{7FACC7EF-77DC-4537-8265-BC993EFCE1EC}.Debug|x86.ActiveCfg = Debug|x64
		{7FACC7EF-77DC-4537-8265-BC993EFCE1EC}.Release|x64.ActiveCfg = Release|x64
		{7FACC7EF-77DC-4537-8265-BC993EFCE1EC}.Release|x64.Build.0 = Release|x64
		{7FACC7EF-77DC-4537-8265-BC993EFCE1EC}.Release|x86.ActiveCfg = Release|x64
		{3CA9F8F4-F081-43A4-B827-C23D5B38ADF9}.Debug|x64.ActiveCfg = Debug|x64
		{3CA9F8F4-F081-43A4-B827-C23D5B38ADF9}.Debug|x64.Build.0 = Debug|x64
		{3CA9F8F4-F081-43A4-B827-C23D5B38ADF9}.Debug|x86.ActiveCfg = Debug|x64
		{3CA9F8F4-F081-43A4-B827-C23D5B38ADF9}.Release|x64.ActiveCfg = Release|x64
		{3CA9F8F4-F081-43A4-B827-C23D5B38ADF9}.Release|x64.Build.0 = Release|x64
		{3CA9F8F4-F081-43A4-B827-C23D5B38ADF9}.Release|x86.ActiveCfg = Release|x64
		{98C9BA59-EC5E-4FB7-9FDB-E92591CA92EB}.Debug|x64.ActiveCfg = Debug|x64
		{98C9BA59-EC5E-4FB7-9FDB-E92591CA92EB}.Debug|x64.Build.0 = Debug|x64
		{98C9BA59-EC5E-4FB7-9FDB-E92591CA92EB}.Debug|x86.ActiveCfg = Debug|x64
		{98C9BA59-EC5E-4FB7-9FDB-E92591CA92EB}.Release|x64.ActiveCfg = Release|x64
		{98C9BA59-EC5E-4FB7-9FDB-E92591CA92EB}.Release|x64.Build.0 = Release|x64
		{98C9BA59-EC5E-4FB7-9FDB-E92591CA92EB}.Release|x86.ActiveCfg = Release|x64
	EndGlobalSection
	GlobalSection(SolutionProperties) = preSolution
		HideSolutionNode = FALSE
	EndGlobalSection
	GlobalSection(ExtensibilityGlobals) = postSolution
		SolutionGuid = {74E8844E-C1CA-4DF2-BE79-EF5EF60A8E78}
	EndGlobalSection
EndGlobal
