
Microsoft Visual Studio Solution File, Format Version 12.00
# Visual Studio 15
VisualStudioVersion = 15.0.26430.16
MinimumVisualStudioVersion = 10.0.40219.1
Project("{8BC9CEB8-8B4A-11D0-8D11-00A0C91BC942}") = "nms", "nms.vcxproj", "{7FACC7EF-77DC-4537-8265-BC993EFCE1EC}"
EndProject
Project("{8BC9CEB8-8B4A-11D0-8D11-00A0C91BC942}") = "nms.test", "nms.test.vcxproj", "{3CA9F8F4-F081-43A4-B827-C23D5B38ADF9}"
EndProject
Global
	GlobalSection(SolutionConfigurationPlatforms) = preSolution
		Debug|x64 = Debug|x64
		Release|x64 = Release|x64
	EndGlobalSection
	GlobalSection(ProjectConfigurationPlatforms) = postSolution
		{7FACC7EF-77DC-4537-8265-BC993EFCE1EC}.Debug|x64.ActiveCfg = Debug|x64
		{7FACC7EF-77DC-4537-8265-BC993EFCE1EC}.Debug|x64.Build.0 = Debug|x64
		{7FACC7EF-77DC-4537-8265-BC993EFCE1EC}.Release|x64.ActiveCfg = Release|x64
		{7FACC7EF-77DC-4537-8265-BC993EFCE1EC}.Release|x64.Build.0 = Release|x64
		{3CA9F8F4-F081-43A4-B827-C23D5B38ADF9}.Debug|x64.ActiveCfg = Debug|x64
		{3CA9F8F4-F081-43A4-B827-C23D5B38ADF9}.Debug|x64.Build.0 = Debug|x64
		{3CA9F8F4-F081-43A4-B827-C23D5B38ADF9}.Release|x64.ActiveCfg = Release|x64
		{3CA9F8F4-F081-43A4-B827-C23D5B38ADF9}.Release|x64.Build.0 = Release|x64
	EndGlobalSection
	GlobalSection(SolutionProperties) = preSolution
		HideSolutionNode = FALSE
	EndGlobalSection
EndGlobal
